
Microsoft Visual Studio Solution File, Format Version 12.00
# Visual Studio Version 16
VisualStudioVersion = 16.0.28922.388
MinimumVisualStudioVersion = 10.0.40219.1
Project("{FAE04EC0-301F-11D3-BF4B-00C04F79EFBC}") = "ScottBrady91.SignInWithApple.Example", "ScottBrady91.SignInWithApple.Example.csproj", "{6A9EA651-D7B0-47D7-97D8-E2884ACB8CD3}"
EndProject
Global
	GlobalSection(SolutionConfigurationPlatforms) = preSolution
		Debug|Any CPU = Debug|Any CPU
		Release|Any CPU = Release|Any CPU
	EndGlobalSection
	GlobalSection(ProjectConfigurationPlatforms) = postSolution
		{6A9EA651-D7B0-47D7-97D8-E2884ACB8CD3}.Debug|Any CPU.ActiveCfg = Debug|Any CPU
		{6A9EA651-D7B0-47D7-97D8-E2884ACB8CD3}.Debug|Any CPU.Build.0 = Debug|Any CPU
		{6A9EA651-D7B0-47D7-97D8-E2884ACB8CD3}.Release|Any CPU.ActiveCfg = Release|Any CPU
		{6A9EA651-D7B0-47D7-97D8-E2884ACB8CD3}.Release|Any CPU.Build.0 = Release|Any CPU
	EndGlobalSection
	GlobalSection(SolutionProperties) = preSolution
		HideSolutionNode = FALSE
	EndGlobalSection
	GlobalSection(ExtensibilityGlobals) = postSolution
		SolutionGuid = {DB64F818-E548-4841-8DDF-3C85996B930E}
	EndGlobalSection
EndGlobal
